<?xml version="1.0" encoding="UTF-8"?>
<Scheme
   LastUpgradeVersion = "1240"
   version = "1.7">
   <BuildAction
      parallelizeBuildables = "YES"
      buildImplicitDependencies = "YES">
      <BuildActionEntries>
         <BuildActionEntry
            buildForTesting = "YES"
            buildForRunning = "YES"
            buildForProfiling = "YES"
            buildForArchiving = "YES"
            buildForAnalyzing = "YES">
            <BuildableReference
               BuildableIdentifier = "primary"
               BlueprintIdentifier = "A97D45991EF3088C00DA1C1C"
               BuildableName = "Big Arrow WatchKit.app"
               BlueprintName = "Big Arrow WatchKit"
               ReferencedContainer = "container:Big Arrow.xcodeproj">
            </BuildableReference>
         </BuildActionEntry>
         <BuildActionEntry
            buildForTesting = "YES"
            buildForRunning = "YES"
            buildForProfiling = "YES"
            buildForArchiving = "YES"
            buildForAnalyzing = "YES">
            <BuildableReference
               BuildableIdentifier = "primary"
               BlueprintIdentifier = "A97D45801EF3081800DA1C1C"
               BuildableName = "Big Arrow.app"
               BlueprintName = "Big Arrow"
               ReferencedContainer = "container:Big Arrow.xcodeproj">
            </BuildableReference>
         </BuildActionEntry>
      </BuildActionEntries>
   </BuildAction>
   <TestAction
      buildConfiguration = "Debug"
      selectedDebuggerIdentifier = "Xcode.DebuggerFoundation.Debugger.LLDB"
      selectedLauncherIdentifier = "Xcode.DebuggerFoundation.Launcher.LLDB"
      shouldUseLaunchSchemeArgsEnv = "YES">
      <MacroExpansion>
         <BuildableReference
            BuildableIdentifier = "primary"
            BlueprintIdentifier = "A97D45991EF3088C00DA1C1C"
            BuildableName = "Big Arrow WatchKit.app"
            BlueprintName = "Big Arrow WatchKit"
            ReferencedContainer = "container:Big Arrow.xcodeproj">
         </BuildableReference>
      </MacroExpansion>
      <Testables>
         <TestableReference
            skipped = "NO">
            <BuildableReference
               BuildableIdentifier = "primary"
               BlueprintIdentifier = "A928D41B20CE8CE7009F9B7D"
               BuildableName = "Big ArrowUITests.xctest"
               BlueprintName = "Big ArrowUITests"
               ReferencedContainer = "container:Big Arrow.xcodeproj">
            </BuildableReference>
         </TestableReference>
         <TestableReference
            skipped = "NO">
            <BuildableReference
               BuildableIdentifier = "primary"
               BlueprintIdentifier = "A9E8FC7121B05EAD003D18B0"
               BuildableName = "Big ArrowTests.xctest"
               BlueprintName = "Big ArrowTests"
               ReferencedContainer = "container:Big Arrow.xcodeproj">
            </BuildableReference>
         </TestableReference>
      </Testables>
   </TestAction>
   <LaunchAction
      buildConfiguration = "Debug"
      selectedDebuggerIdentifier = "Xcode.DebuggerFoundation.Debugger.LLDB"
      selectedLauncherIdentifier = "Xcode.DebuggerFoundation.Launcher.LLDB"
      language = "it"
      launchStyle = "0"
      useCustomWorkingDirectory = "NO"
      ignoresPersistentStateOnLaunch = "NO"
      debugDocumentVersioning = "YES"
      debugServiceExtension = "internal"
      allowLocationSimulation = "YES">
      <RemoteRunnable
         runnableDebuggingMode = "2"
         BundleIdentifier = "com.apple.Carousel"
         RemotePath = "/Big Arrow">
         <BuildableReference
            BuildableIdentifier = "primary"
            BlueprintIdentifier = "A97D45991EF3088C00DA1C1C"
            BuildableName = "Big Arrow WatchKit.app"
            BlueprintName = "Big Arrow WatchKit"
            ReferencedContainer = "container:Big Arrow.xcodeproj">
         </BuildableReference>
      </RemoteRunnable>
      <LocationScenarioReference
         identifier = "../../Locations/Benidorm.gpx"
         referenceType = "0">
      </LocationScenarioReference>
   </LaunchAction>
   <ProfileAction
      buildConfiguration = "Release"
      shouldUseLaunchSchemeArgsEnv = "YES"
      savedToolIdentifier = ""
      useCustomWorkingDirectory = "NO"
      debugDocumentVersioning = "YES">
      <RemoteRunnable
         runnableDebuggingMode = "2"
         BundleIdentifier = "com.apple.Carousel"
         RemotePath = "/Big Arrow">
         <BuildableReference
            BuildableIdentifier = "primary"
            BlueprintIdentifier = "A97D45991EF3088C00DA1C1C"
            BuildableName = "Big Arrow WatchKit.app"
            BlueprintName = "Big Arrow WatchKit"
            ReferencedContainer = "container:Big Arrow.xcodeproj">
         </BuildableReference>
      </RemoteRunnable>
      <MacroExpansion>
         <BuildableReference
            BuildableIdentifier = "primary"
            BlueprintIdentifier = "A97D45991EF3088C00DA1C1C"
            BuildableName = "Big Arrow WatchKit.app"
            BlueprintName = "Big Arrow WatchKit"
            ReferencedContainer = "container:Big Arrow.xcodeproj">
         </BuildableReference>
      </MacroExpansion>
   </ProfileAction>
   <AnalyzeAction
      buildConfiguration = "Debug">
   </AnalyzeAction>
   <ArchiveAction
      buildConfiguration = "Release"
      revealArchiveInOrganizer = "YES">
   </ArchiveAction>
</Scheme>
